
Microsoft Visual Studio Solution File, Format Version 12.00
# Visual Studio Version 17
VisualStudioVersion = 17.11.35303.130
MinimumVisualStudioVersion = 10.0.40219.1
Project("{FAE04EC0-301F-11D3-BF4B-00C04F79EFBC}") = "ArgParse", "ArgParse\ArgParse.csproj", "{FEFED68D-C2CB-4CE6-9FCA-A2B6C417D587}"
EndProject
Project("{FAE04EC0-301F-11D3-BF4B-00C04F79EFBC}") = "ArgParseSpec", "ArgParseSpec\ArgParseSpec.csproj", "{5D203214-1A3F-4E62-B955-E9998C13B9B3}"
EndProject
Global
	GlobalSection(SolutionConfigurationPlatforms) = preSolution
		Debug|Any CPU = Debug|Any CPU
		Release|Any CPU = Release|Any CPU
	EndGlobalSection
	GlobalSection(ProjectConfigurationPlatforms) = postSolution
		{FEFED68D-C2CB-4CE6-9FCA-A2B6C417D587}.Debug|Any CPU.ActiveCfg = Debug|Any CPU
		{FEFED68D-C2CB-4CE6-9FCA-A2B6C417D587}.Debug|Any CPU.Build.0 = Debug|Any CPU
		{FEFED68D-C2CB-4CE6-9FCA-A2B6C417D587}.Release|Any CPU.ActiveCfg = Release|Any CPU
		{FEFED68D-C2CB-4CE6-9FCA-A2B6C417D587}.Release|Any CPU.Build.0 = Release|Any CPU
		{5D203214-1A3F-4E62-B955-E9998C13B9B3}.Debug|Any CPU.ActiveCfg = Debug|Any CPU
		{5D203214-1A3F-4E62-B955-E9998C13B9B3}.Debug|Any CPU.Build.0 = Debug|Any CPU
		{5D203214-1A3F-4E62-B955-E9998C13B9B3}.Release|Any CPU.ActiveCfg = Release|Any CPU
		{5D203214-1A3F-4E62-B955-E9998C13B9B3}.Release|Any CPU.Build.0 = Release|Any CPU
	EndGlobalSection
	GlobalSection(SolutionProperties) = preSolution
		HideSolutionNode = FALSE
	EndGlobalSection
	GlobalSection(ExtensibilityGlobals) = postSolution
		SolutionGuid = {2260697D-D5B4-431C-A96B-30615F548628}
	EndGlobalSection
EndGlobal
